// !$*UTF8*$!
{
	archiveVersion = 1;
	classes = {
	};
	objectVersion = 46;
	objects = {

/* Begin PBXBuildFile section */
		96E0F1330BC14EE65246C51D /* libPods.a in Frameworks */ = {isa = PBXBuildFile; fileRef = EEE4C38C64AC45012EA6B530 /* libPods.a */; };
		E27201B41CDB76DE003CE38A /* TestViewController.m in Sources */ = {isa = PBXBuildFile; fileRef = E27201B31CDB76DE003CE38A /* TestViewController.m */; settings = {ASSET_TAGS = (); }; };
		E295AEEF1CCF685700B3B9F4 /* BYQ_Camera.m in Sources */ = {isa = PBXBuildFile; fileRef = E295AEE31CCF685700B3B9F4 /* BYQ_Camera.m */; };
		E295AEF01CCF685700B3B9F4 /* BYQ_CameraOutputStillImage.m in Sources */ = {isa = PBXBuildFile; fileRef = E295AEE61CCF685700B3B9F4 /* BYQ_CameraOutputStillImage.m */; };
		E295AEF11CCF685700B3B9F4 /* BYQ_CameraOutputVideoData.m in Sources */ = {isa = PBXBuildFile; fileRef = E295AEE81CCF685700B3B9F4 /* BYQ_CameraOutputVideoData.m */; };
		E295AEF21CCF685700B3B9F4 /* README_Camera.rtf in Resources */ = {isa = PBXBuildFile; fileRef = E295AEE91CCF685700B3B9F4 /* README_Camera.rtf */; };
		E295AEF31CCF685700B3B9F4 /* QRCodeViewController.m in Sources */ = {isa = PBXBuildFile; fileRef = E295AEEC1CCF685700B3B9F4 /* QRCodeViewController.m */; };
		E295AEF41CCF685700B3B9F4 /* README_QRCode.rtf in Resources */ = {isa = PBXBuildFile; fileRef = E295AEED1CCF685700B3B9F4 /* README_QRCode.rtf */; };
		E295AEF51CCF685700B3B9F4 /* README_Test.rtf in Resources */ = {isa = PBXBuildFile; fileRef = E295AEEE1CCF685700B3B9F4 /* README_Test.rtf */; };
		E29A63471CCDC44300A78A0E /* main.m in Sources */ = {isa = PBXBuildFile; fileRef = E29A63461CCDC44300A78A0E /* main.m */; };
		E29A634A1CCDC44300A78A0E /* AppDelegate.m in Sources */ = {isa = PBXBuildFile; fileRef = E29A63491CCDC44300A78A0E /* AppDelegate.m */; };
		E29A634D1CCDC44300A78A0E /* ViewController.m in Sources */ = {isa = PBXBuildFile; fileRef = E29A634C1CCDC44300A78A0E /* ViewController.m */; };
		E29A63501CCDC44300A78A0E /* Main.storyboard in Resources */ = {isa = PBXBuildFile; fileRef = E29A634E1CCDC44300A78A0E /* Main.storyboard */; };
		E29A63521CCDC44300A78A0E /* Assets.xcassets in Resources */ = {isa = PBXBuildFile; fileRef = E29A63511CCDC44300A78A0E /* Assets.xcassets */; };
		E29A63551CCDC44300A78A0E /* LaunchScreen.storyboard in Resources */ = {isa = PBXBuildFile; fileRef = E29A63531CCDC44300A78A0E /* LaunchScreen.storyboard */; };
		E29A63671CCDC4C300A78A0E /* BaseModel.m in Sources */ = {isa = PBXBuildFile; fileRef = E29A635F1CCDC4C300A78A0E /* BaseModel.m */; };
		E29A63681CCDC4C300A78A0E /* ResponseModel.m in Sources */ = {isa = PBXBuildFile; fileRef = E29A63611CCDC4C300A78A0E /* ResponseModel.m */; };
		E29A63691CCDC4C300A78A0E /* WeatherModel.m in Sources */ = {isa = PBXBuildFile; fileRef = E29A63631CCDC4C300A78A0E /* WeatherModel.m */; };
		E29A636A1CCDC4C300A78A0E /* NetKit.m in Sources */ = {isa = PBXBuildFile; fileRef = E29A63661CCDC4C300A78A0E /* NetKit.m */; };
		E2AEF38A1CDB92B200BD7D83 /* TestModel.m in Sources */ = {isa = PBXBuildFile; fileRef = E2AEF3891CDB92B200BD7D83 /* TestModel.m */; settings = {ASSET_TAGS = (); }; };
/* End PBXBuildFile section */

/* Begin PBXFileReference section */
		52A17EB04FBD802976574CF1 /* Pods.debug.xcconfig */ = {isa = PBXFileReference; includeInIndex = 1; lastKnownFileType = text.xcconfig; name = Pods.debug.xcconfig; path = "Pods/Target Support Files/Pods/Pods.debug.xcconfig"; sourceTree = "<group>"; };
		9E78B812D999D01CC1C519B6 /* Pods.release.xcconfig */ = {isa = PBXFileReference; includeInIndex = 1; lastKnownFileType = text.xcconfig; name = Pods.release.xcconfig; path = "Pods/Target Support Files/Pods/Pods.release.xcconfig"; sourceTree = "<group>"; };
		E27201B21CDB76DE003CE38A /* TestViewController.h */ = {isa = PBXFileReference; fileEncoding = 4; lastKnownFileType = sourcecode.c.h; path = TestViewController.h; sourceTree = "<group>"; };
		E27201B31CDB76DE003CE38A /* TestViewController.m */ = {isa = PBXFileReference; fileEncoding = 4; lastKnownFileType = sourcecode.c.objc; path = TestViewController.m; sourceTree = "<group>"; };
		E295AEE21CCF685700B3B9F4 /* BYQ_Camera.h */ = {isa = PBXFileReference; fileEncoding = 4; lastKnownFileType = sourcecode.c.h; path = BYQ_Camera.h; sourceTree = "<group>"; };
		E295AEE31CCF685700B3B9F4 /* BYQ_Camera.m */ = {isa = PBXFileReference; fileEncoding = 4; lastKnownFileType = sourcecode.c.objc; path = BYQ_Camera.m; sourceTree = "<group>"; };
		E295AEE41CCF685700B3B9F4 /* BYQ_CameraOutputProtocol.h */ = {isa = PBXFileReference; fileEncoding = 4; lastKnownFileType = sourcecode.c.h; path = BYQ_CameraOutputProtocol.h; sourceTree = "<group>"; };
		E295AEE51CCF685700B3B9F4 /* BYQ_CameraOutputStillImage.h */ = {isa = PBXFileReference; fileEncoding = 4; lastKnownFileType = sourcecode.c.h; path = BYQ_CameraOutputStillImage.h; sourceTree = "<group>"; };
		E295AEE61CCF685700B3B9F4 /* BYQ_CameraOutputStillImage.m */ = {isa = PBXFileReference; fileEncoding = 4; lastKnownFileType = sourcecode.c.objc; path = BYQ_CameraOutputStillImage.m; sourceTree = "<group>"; };
		E295AEE71CCF685700B3B9F4 /* BYQ_CameraOutputVideoData.h */ = {isa = PBXFileReference; fileEncoding = 4; lastKnownFileType = sourcecode.c.h; path = BYQ_CameraOutputVideoData.h; sourceTree = "<group>"; };
		E295AEE81CCF685700B3B9F4 /* BYQ_CameraOutputVideoData.m */ = {isa = PBXFileReference; fileEncoding = 4; lastKnownFileType = sourcecode.c.objc; path = BYQ_CameraOutputVideoData.m; sourceTree = "<group>"; };
		E295AEE91CCF685700B3B9F4 /* README_Camera.rtf */ = {isa = PBXFileReference; fileEncoding = 4; lastKnownFileType = text.rtf; path = README_Camera.rtf; sourceTree = "<group>"; };
		E295AEEB1CCF685700B3B9F4 /* QRCodeViewController.h */ = {isa = PBXFileReference; fileEncoding = 4; lastKnownFileType = sourcecode.c.h; path = QRCodeViewController.h; sourceTree = "<group>"; };
		E295AEEC1CCF685700B3B9F4 /* QRCodeViewController.m */ = {isa = PBXFileReference; fileEncoding = 4; lastKnownFileType = sourcecode.c.objc; path = QRCodeViewController.m; sourceTree = "<group>"; };
		E295AEED1CCF685700B3B9F4 /* README_QRCode.rtf */ = {isa = PBXFileReference; fileEncoding = 4; lastKnownFileType = text.rtf; path = README_QRCode.rtf; sourceTree = "<group>"; };
		E295AEEE1CCF685700B3B9F4 /* README_Test.rtf */ = {isa = PBXFileReference; fileEncoding = 4; lastKnownFileType = text.rtf; path = README_Test.rtf; sourceTree = "<group>"; };
		E29A63421CCDC44300A78A0E /* MyApp.app */ = {isa = PBXFileReference; explicitFileType = wrapper.application; includeInIndex = 0; path = MyApp.app; sourceTree = BUILT_PRODUCTS_DIR; };
		E29A63461CCDC44300A78A0E /* main.m */ = {isa = PBXFileReference; lastKnownFileType = sourcecode.c.objc; path = main.m; sourceTree = "<group>"; };
		E29A63481CCDC44300A78A0E /* AppDelegate.h */ = {isa = PBXFileReference; lastKnownFileType = sourcecode.c.h; path = AppDelegate.h; sourceTree = "<group>"; };
		E29A63491CCDC44300A78A0E /* AppDelegate.m */ = {isa = PBXFileReference; lastKnownFileType = sourcecode.c.objc; path = AppDelegate.m; sourceTree = "<group>"; };
		E29A634B1CCDC44300A78A0E /* ViewController.h */ = {isa = PBXFileReference; lastKnownFileType = sourcecode.c.h; path = ViewController.h; sourceTree = "<group>"; };
		E29A634C1CCDC44300A78A0E /* ViewController.m */ = {isa = PBXFileReference; lastKnownFileType = sourcecode.c.objc; path = ViewController.m; sourceTree = "<group>"; };
		E29A634F1CCDC44300A78A0E /* Base */ = {isa = PBXFileReference; lastKnownFileType = file.storyboard; name = Base; path = Base.lproj/Main.storyboard; sourceTree = "<group>"; };
		E29A63511CCDC44300A78A0E /* Assets.xcassets */ = {isa = PBXFileReference; lastKnownFileType = folder.assetcatalog; path = Assets.xcassets; sourceTree = "<group>"; };
		E29A63541CCDC44300A78A0E /* Base */ = {isa = PBXFileReference; lastKnownFileType = file.storyboard; name = Base; path = Base.lproj/LaunchScreen.storyboard; sourceTree = "<group>"; };
		E29A63561CCDC44300A78A0E /* Info.plist */ = {isa = PBXFileReference; lastKnownFileType = text.plist.xml; path = Info.plist; sourceTree = "<group>"; };
		E29A635E1CCDC4C300A78A0E /* BaseModel.h */ = {isa = PBXFileReference; fileEncoding = 4; lastKnownFileType = sourcecode.c.h; path = BaseModel.h; sourceTree = "<group>"; };
		E29A635F1CCDC4C300A78A0E /* BaseModel.m */ = {isa = PBXFileReference; fileEncoding = 4; lastKnownFileType = sourcecode.c.objc; path = BaseModel.m; sourceTree = "<group>"; };
		E29A63601CCDC4C300A78A0E /* ResponseModel.h */ = {isa = PBXFileReference; fileEncoding = 4; lastKnownFileType = sourcecode.c.h; path = ResponseModel.h; sourceTree = "<group>"; };
		E29A63611CCDC4C300A78A0E /* ResponseModel.m */ = {isa = PBXFileReference; fileEncoding = 4; lastKnownFileType = sourcecode.c.objc; path = ResponseModel.m; sourceTree = "<group>"; };
		E29A63621CCDC4C300A78A0E /* WeatherModel.h */ = {isa = PBXFileReference; fileEncoding = 4; lastKnownFileType = sourcecode.c.h; path = WeatherModel.h; sourceTree = "<group>"; };
		E29A63631CCDC4C300A78A0E /* WeatherModel.m */ = {isa = PBXFileReference; fileEncoding = 4; lastKnownFileType = sourcecode.c.objc; path = WeatherModel.m; sourceTree = "<group>"; };
		E29A63651CCDC4C300A78A0E /* NetKit.h */ = {isa = PBXFileReference; fileEncoding = 4; lastKnownFileType = sourcecode.c.h; path = NetKit.h; sourceTree = "<group>"; };
		E29A63661CCDC4C300A78A0E /* NetKit.m */ = {isa = PBXFileReference; fileEncoding = 4; lastKnownFileType = sourcecode.c.objc; path = NetKit.m; sourceTree = "<group>"; };
		E2AEF3881CDB92B200BD7D83 /* TestModel.h */ = {isa = PBXFileReference; fileEncoding = 4; lastKnownFileType = sourcecode.c.h; path = TestModel.h; sourceTree = "<group>"; };
		E2AEF3891CDB92B200BD7D83 /* TestModel.m */ = {isa = PBXFileReference; fileEncoding = 4; lastKnownFileType = sourcecode.c.objc; path = TestModel.m; sourceTree = "<group>"; };
		EEE4C38C64AC45012EA6B530 /* libPods.a */ = {isa = PBXFileReference; explicitFileType = archive.ar; includeInIndex = 0; path = libPods.a; sourceTree = BUILT_PRODUCTS_DIR; };
/* End PBXFileReference section */

/* Begin PBXFrameworksBuildPhase section */
		E29A633F1CCDC44300A78A0E /* Frameworks */ = {
			isa = PBXFrameworksBuildPhase;
			buildActionMask = 2147483647;
			files = (
				96E0F1330BC14EE65246C51D /* libPods.a in Frameworks */,
			);
			runOnlyForDeploymentPostprocessing = 0;
		};
/* End PBXFrameworksBuildPhase section */

/* Begin PBXGroup section */
		08587CB2B481AE239409E6D4 /* Pods */ = {
			isa = PBXGroup;
			children = (
				52A17EB04FBD802976574CF1 /* Pods.debug.xcconfig */,
				9E78B812D999D01CC1C519B6 /* Pods.release.xcconfig */,
			);
			name = Pods;
			sourceTree = "<group>";
		};
		26FD46DE325A99C44F6405D5 /* Frameworks */ = {
			isa = PBXGroup;
			children = (
				EEE4C38C64AC45012EA6B530 /* libPods.a */,
			);
			name = Frameworks;
			sourceTree = "<group>";
		};
		E295AED11CCF5A8000B3B9F4 /* Controller */ = {
			isa = PBXGroup;
			children = (
			);
			path = Controller;
			sourceTree = "<group>";
		};
		E295AEE01CCF685700B3B9F4 /* Test */ = {
			isa = PBXGroup;
			children = (
				E295AEE11CCF685700B3B9F4 /* Camera */,
				E295AEEA1CCF685700B3B9F4 /* QRCode */,
				E295AEEE1CCF685700B3B9F4 /* README_Test.rtf */,
				E27201B21CDB76DE003CE38A /* TestViewController.h */,
				E27201B31CDB76DE003CE38A /* TestViewController.m */,
			);
			path = Test;
			sourceTree = "<group>";
		};
		E295AEE11CCF685700B3B9F4 /* Camera */ = {
			isa = PBXGroup;
			children = (
				E295AEE21CCF685700B3B9F4 /* BYQ_Camera.h */,
				E295AEE31CCF685700B3B9F4 /* BYQ_Camera.m */,
				E295AEE41CCF685700B3B9F4 /* BYQ_CameraOutputProtocol.h */,
				E295AEE51CCF685700B3B9F4 /* BYQ_CameraOutputStillImage.h */,
				E295AEE61CCF685700B3B9F4 /* BYQ_CameraOutputStillImage.m */,
				E295AEE71CCF685700B3B9F4 /* BYQ_CameraOutputVideoData.h */,
				E295AEE81CCF685700B3B9F4 /* BYQ_CameraOutputVideoData.m */,
				E295AEE91CCF685700B3B9F4 /* README_Camera.rtf */,
			);
			path = Camera;
			sourceTree = "<group>";
		};
		E295AEEA1CCF685700B3B9F4 /* QRCode */ = {
			isa = PBXGroup;
			children = (
				E295AEEB1CCF685700B3B9F4 /* QRCodeViewController.h */,
				E295AEEC1CCF685700B3B9F4 /* QRCodeViewController.m */,
				E295AEED1CCF685700B3B9F4 /* README_QRCode.rtf */,
			);
			path = QRCode;
			sourceTree = "<group>";
		};
		E29A63391CCDC44300A78A0E = {
			isa = PBXGroup;
			children = (
				E29A63441CCDC44300A78A0E /* MyApp */,
				E29A63431CCDC44300A78A0E /* Products */,
				08587CB2B481AE239409E6D4 /* Pods */,
				26FD46DE325A99C44F6405D5 /* Frameworks */,
			);
			sourceTree = "<group>";
		};
		E29A63431CCDC44300A78A0E /* Products */ = {
			isa = PBXGroup;
			children = (
				E29A63421CCDC44300A78A0E /* MyApp.app */,
			);
			name = Products;
			sourceTree = "<group>";
		};
		E29A63441CCDC44300A78A0E /* MyApp */ = {
			isa = PBXGroup;
			children = (
				E295AEE01CCF685700B3B9F4 /* Test */,
				E295AED11CCF5A8000B3B9F4 /* Controller */,
				E29A635C1CCDC4C300A78A0E /* Model */,
				E29A63641CCDC4C300A78A0E /* Network */,
				E29A63481CCDC44300A78A0E /* AppDelegate.h */,
				E29A63491CCDC44300A78A0E /* AppDelegate.m */,
				E29A634B1CCDC44300A78A0E /* ViewController.h */,
				E29A634C1CCDC44300A78A0E /* ViewController.m */,
				E29A634E1CCDC44300A78A0E /* Main.storyboard */,
				E29A63511CCDC44300A78A0E /* Assets.xcassets */,
				E29A63531CCDC44300A78A0E /* LaunchScreen.storyboard */,
				E29A63561CCDC44300A78A0E /* Info.plist */,
				E29A63451CCDC44300A78A0E /* Supporting Files */,
			);
			path = MyApp;
			sourceTree = "<group>";
		};
		E29A63451CCDC44300A78A0E /* Supporting Files */ = {
			isa = PBXGroup;
			children = (
				E29A63461CCDC44300A78A0E /* main.m */,
			);
			name = "Supporting Files";
			sourceTree = "<group>";
		};
		E29A635C1CCDC4C300A78A0E /* Model */ = {
			isa = PBXGroup;
			children = (
				E29A635D1CCDC4C300A78A0E /* Base */,
				E29A63601CCDC4C300A78A0E /* ResponseModel.h */,
				E29A63611CCDC4C300A78A0E /* ResponseModel.m */,
				E29A63621CCDC4C300A78A0E /* WeatherModel.h */,
				E29A63631CCDC4C300A78A0E /* WeatherModel.m */,
			);
			path = Model;
			sourceTree = "<group>";
		};
		E29A635D1CCDC4C300A78A0E /* Base */ = {
			isa = PBXGroup;
			children = (
				E29A635E1CCDC4C300A78A0E /* BaseModel.h */,
				E29A635F1CCDC4C300A78A0E /* BaseModel.m */,
				E2AEF3881CDB92B200BD7D83 /* TestModel.h */,
				E2AEF3891CDB92B200BD7D83 /* TestModel.m */,
			);
			path = Base;
			sourceTree = "<group>";
		};
		E29A63641CCDC4C300A78A0E /* Network */ = {
			isa = PBXGroup;
			children = (
				E29A63651CCDC4C300A78A0E /* NetKit.h */,
				E29A63661CCDC4C300A78A0E /* NetKit.m */,
			);
			path = Network;
			sourceTree = "<group>";
		};
/* End PBXGroup section */

/* Begin PBXNativeTarget section */
		E29A63411CCDC44300A78A0E /* MyApp */ = {
			isa = PBXNativeTarget;
			buildConfigurationList = E29A63591CCDC44300A78A0E /* Build configuration list for PBXNativeTarget "MyApp" */;
			buildPhases = (
				56A22ADF164EE1BC0E1D4E60 /* Check Pods Manifest.lock */,
				E29A633E1CCDC44300A78A0E /* Sources */,
				E29A633F1CCDC44300A78A0E /* Frameworks */,
				E29A63401CCDC44300A78A0E /* Resources */,
				08F52F2D24B347F0FF9CDB66 /* Copy Pods Resources */,
				10BFA446902901E88D44854E /* Embed Pods Frameworks */,
			);
			buildRules = (
			);
			dependencies = (
			);
			name = MyApp;
			productName = MyApp;
			productReference = E29A63421CCDC44300A78A0E /* MyApp.app */;
			productType = "com.apple.product-type.application";
		};
/* End PBXNativeTarget section */

/* Begin PBXProject section */
		E29A633A1CCDC44300A78A0E /* Project object */ = {
			isa = PBXProject;
			attributes = {
				LastUpgradeCheck = 0720;
				ORGANIZATIONNAME = wangchong;
				TargetAttributes = {
					E29A63411CCDC44300A78A0E = {
						CreatedOnToolsVersion = 7.2.1;
						DevelopmentTeam = F4V78L9S8G;
					};
				};
			};
			buildConfigurationList = E29A633D1CCDC44300A78A0E /* Build configuration list for PBXProject "MyApp" */;
			compatibilityVersion = "Xcode 3.2";
			developmentRegion = English;
			hasScannedForEncodings = 0;
			knownRegions = (
				en,
				Base,
			);
			mainGroup = E29A63391CCDC44300A78A0E;
			productRefGroup = E29A63431CCDC44300A78A0E /* Products */;
			projectDirPath = "";
			projectRoot = "";
			targets = (
				E29A63411CCDC44300A78A0E /* MyApp */,
			);
		};
/* End PBXProject section */

/* Begin PBXResourcesBuildPhase section */
		E29A63401CCDC44300A78A0E /* Resources */ = {
			isa = PBXResourcesBuildPhase;
			buildActionMask = 2147483647;
			files = (
				E29A63551CCDC44300A78A0E /* LaunchScreen.storyboard in Resources */,
				E295AEF41CCF685700B3B9F4 /* README_QRCode.rtf in Resources */,
				E295AEF51CCF685700B3B9F4 /* README_Test.rtf in Resources */,
				E295AEF21CCF685700B3B9F4 /* README_Camera.rtf in Resources */,
				E29A63521CCDC44300A78A0E /* Assets.xcassets in Resources */,
				E29A63501CCDC44300A78A0E /* Main.storyboard in Resources */,
			);
			runOnlyForDeploymentPostprocessing = 0;
		};
/* End PBXResourcesBuildPhase section */

/* Begin PBXShellScriptBuildPhase section */
		08F52F2D24B347F0FF9CDB66 /* Copy Pods Resources */ = {
			isa = PBXShellScriptBuildPhase;
			buildActionMask = 2147483647;
			files = (
			);
			inputPaths = (
			);
			name = "Copy Pods Resources";
			outputPaths = (
			);
			runOnlyForDeploymentPostprocessing = 0;
			shellPath = /bin/sh;
			shellScript = "\"${SRCROOT}/Pods/Target Support Files/Pods/Pods-resources.sh\"\n";
			showEnvVarsInLog = 0;
		};
		10BFA446902901E88D44854E /* Embed Pods Frameworks */ = {
			isa = PBXShellScriptBuildPhase;
			buildActionMask = 2147483647;
			files = (
			);
			inputPaths = (
			);
			name = "Embed Pods Frameworks";
			outputPaths = (
			);
			runOnlyForDeploymentPostprocessing = 0;
			shellPath = /bin/sh;
			shellScript = "\"${SRCROOT}/Pods/Target Support Files/Pods/Pods-frameworks.sh\"\n";
			showEnvVarsInLog = 0;
		};
		56A22ADF164EE1BC0E1D4E60 /* Check Pods Manifest.lock */ = {
			isa = PBXShellScriptBuildPhase;
			buildActionMask = 2147483647;
			files = (
			);
			inputPaths = (
			);
			name = "Check Pods Manifest.lock";
			outputPaths = (
			);
			runOnlyForDeploymentPostprocessing = 0;
			shellPath = /bin/sh;
			shellScript = "diff \"${PODS_ROOT}/../Podfile.lock\" \"${PODS_ROOT}/Manifest.lock\" > /dev/null\nif [[ $? != 0 ]] ; then\n    cat << EOM\nerror: The sandbox is not in sync with the Podfile.lock. Run 'pod install' or update your CocoaPods installation.\nEOM\n    exit 1\nfi\n";
			showEnvVarsInLog = 0;
		};
/* End PBXShellScriptBuildPhase section */

/* Begin PBXSourcesBuildPhase section */
		E29A633E1CCDC44300A78A0E /* Sources */ = {
			isa = PBXSourcesBuildPhase;
			buildActionMask = 2147483647;
			files = (
				E2AEF38A1CDB92B200BD7D83 /* TestModel.m in Sources */,
				E29A63691CCDC4C300A78A0E /* WeatherModel.m in Sources */,
				E29A634D1CCDC44300A78A0E /* ViewController.m in Sources */,
				E29A634A1CCDC44300A78A0E /* AppDelegate.m in Sources */,
				E295AEEF1CCF685700B3B9F4 /* BYQ_Camera.m in Sources */,
				E29A63681CCDC4C300A78A0E /* ResponseModel.m in Sources */,
				E29A63671CCDC4C300A78A0E /* BaseModel.m in Sources */,
				E27201B41CDB76DE003CE38A /* TestViewController.m in Sources */,
				E295AEF11CCF685700B3B9F4 /* BYQ_CameraOutputVideoData.m in Sources */,
				E295AEF31CCF685700B3B9F4 /* QRCodeViewController.m in Sources */,
				E29A636A1CCDC4C300A78A0E /* NetKit.m in Sources */,
				E29A63471CCDC44300A78A0E /* main.m in Sources */,
				E295AEF01CCF685700B3B9F4 /* BYQ_CameraOutputStillImage.m in Sources */,
			);
			runOnlyForDeploymentPostprocessing = 0;
		};
/* End PBXSourcesBuildPhase section */

/* Begin PBXVariantGroup section */
		E29A634E1CCDC44300A78A0E /* Main.storyboard */ = {
			isa = PBXVariantGroup;
			children = (
				E29A634F1CCDC44300A78A0E /* Base */,
			);
			name = Main.storyboard;
			sourceTree = "<group>";
		};
		E29A63531CCDC44300A78A0E /* LaunchScreen.storyboard */ = {
			isa = PBXVariantGroup;
			children = (
				E29A63541CCDC44300A78A0E /* Base */,
			);
			name = LaunchScreen.storyboard;
			sourceTree = "<group>";
		};
/* End PBXVariantGroup section */

/* Begin XCBuildConfiguration section */
		E29A63571CCDC44300A78A0E /* Debug */ = {
			isa = XCBuildConfiguration;
			buildSettings = {
				ALWAYS_SEARCH_USER_PATHS = NO;
				CLANG_CXX_LANGUAGE_STANDARD = "gnu++0x";
				CLANG_CXX_LIBRARY = "libc++";
				CLANG_ENABLE_MODULES = YES;
				CLANG_ENABLE_OBJC_ARC = YES;
				CLANG_WARN_BOOL_CONVERSION = YES;
				CLANG_WARN_CONSTANT_CONVERSION = YES;
				CLANG_WARN_DIRECT_OBJC_ISA_USAGE = YES_ERROR;
				CLANG_WARN_EMPTY_BODY = YES;
				CLANG_WARN_ENUM_CONVERSION = YES;
				CLANG_WARN_INT_CONVERSION = YES;
				CLANG_WARN_OBJC_ROOT_CLASS = YES_ERROR;
				CLANG_WARN_UNREACHABLE_CODE = YES;
				CLANG_WARN__DUPLICATE_METHOD_MATCH = YES;
				"CODE_SIGN_IDENTITY[sdk=iphoneos*]" = "iPhone Developer";
				COPY_PHASE_STRIP = NO;
				DEBUG_INFORMATION_FORMAT = dwarf;
				ENABLE_STRICT_OBJC_MSGSEND = YES;
				ENABLE_TESTABILITY = YES;
				GCC_C_LANGUAGE_STANDARD = gnu99;
				GCC_DYNAMIC_NO_PIC = NO;
				GCC_NO_COMMON_BLOCKS = YES;
				GCC_OPTIMIZATION_LEVEL = 0;
				GCC_PREPROCESSOR_DEFINITIONS = (
					"DEBUG=1",
					"$(inherited)",
				);
				GCC_WARN_64_TO_32_BIT_CONVERSION = YES;
				GCC_WARN_ABOUT_RETURN_TYPE = YES_ERROR;
				GCC_WARN_UNDECLARED_SELECTOR = YES;
				GCC_WARN_UNINITIALIZED_AUTOS = YES_AGGRESSIVE;
				GCC_WARN_UNUSED_FUNCTION = YES;
				GCC_WARN_UNUSED_VARIABLE = YES;
				IPHONEOS_DEPLOYMENT_TARGET = 9.2;
				MTL_ENABLE_DEBUG_INFO = YES;
				ONLY_ACTIVE_ARCH = YES;
				SDKROOT = iphoneos;
			};
			name = Debug;
		};
		E29A63581CCDC44300A78A0E /* Release */ = {
			isa = XCBuildConfiguration;
			buildSettings = {
				ALWAYS_SEARCH_USER_PATHS = NO;
				CLANG_CXX_LANGUAGE_STANDARD = "gnu++0x";
				CLANG_CXX_LIBRARY = "libc++";
				CLANG_ENABLE_MODULES = YES;
				CLANG_ENABLE_OBJC_ARC = YES;
				CLANG_WARN_BOOL_CONVERSION = YES;
				CLANG_WARN_CONSTANT_CONVERSION = YES;
				CLANG_WARN_DIRECT_OBJC_ISA_USAGE = YES_ERROR;
				CLANG_WARN_EMPTY_BODY = YES;
				CLANG_WARN_ENUM_CONVERSION = YES;
				CLANG_WARN_INT_CONVERSION = YES;
				CLANG_WARN_OBJC_ROOT_CLASS = YES_ERROR;
				CLANG_WARN_UNREACHABLE_CODE = YES;
				CLANG_WARN__DUPLICATE_METHOD_MATCH = YES;
				"CODE_SIGN_IDENTITY[sdk=iphoneos*]" = "iPhone Developer";
				COPY_PHASE_STRIP = NO;
				DEBUG_INFORMATION_FORMAT = "dwarf-with-dsym";
				ENABLE_NS_ASSERTIONS = NO;
				ENABLE_STRICT_OBJC_MSGSEND = YES;
				GCC_C_LANGUAGE_STANDARD = gnu99;
				GCC_NO_COMMON_BLOCKS = YES;
				GCC_WARN_64_TO_32_BIT_CONVERSION = YES;
				GCC_WARN_ABOUT_RETURN_TYPE = YES_ERROR;
				GCC_WARN_UNDECLARED_SELECTOR = YES;
				GCC_WARN_UNINITIALIZED_AUTOS = YES_AGGRESSIVE;
				GCC_WARN_UNUSED_FUNCTION = YES;
				GCC_WARN_UNUSED_VARIABLE = YES;
				IPHONEOS_DEPLOYMENT_TARGET = 9.2;
				MTL_ENABLE_DEBUG_INFO = NO;
				SDKROOT = iphoneos;
				VALIDATE_PRODUCT = YES;
			};
			name = Release;
		};
		E29A635A1CCDC44300A78A0E /* Debug */ = {
			isa = XCBuildConfiguration;
			baseConfigurationReference = 52A17EB04FBD802976574CF1 /* Pods.debug.xcconfig */;
			buildSettings = {
				ASSETCATALOG_COMPILER_APPICON_NAME = AppIcon;
				INFOPLIST_FILE = MyApp/Info.plist;
				IPHONEOS_DEPLOYMENT_TARGET = 7.0;
				LD_RUNPATH_SEARCH_PATHS = "$(inherited) @executable_path/Frameworks";
				PRODUCT_BUNDLE_IDENTIFIER = com.wangchong.demo.MyApp;
				PRODUCT_NAME = "$(TARGET_NAME)";
				PROVISIONING_PROFILE = "2c38af43-5b81-4db7-8c61-5f27e393fb8f";
			};
			name = Debug;
		};
		E29A635B1CCDC44300A78A0E /* Release */ = {
			isa = XCBuildConfiguration;
			baseConfigurationReference = 9E78B812D999D01CC1C519B6 /* Pods.release.xcconfig */;
			buildSettings = {
				ASSETCATALOG_COMPILER_APPICON_NAME = AppIcon;
				INFOPLIST_FILE = MyApp/Info.plist;
				IPHONEOS_DEPLOYMENT_TARGET = 7.0;
				LD_RUNPATH_SEARCH_PATHS = "$(inherited) @executable_path/Frameworks";
				PRODUCT_BUNDLE_IDENTIFIER = com.wangchong.demo.MyApp;
				PRODUCT_NAME = "$(TARGET_NAME)";
				PROVISIONING_PROFILE = "2c38af43-5b81-4db7-8c61-5f27e393fb8f";
			};
			name = Release;
		};
/* End XCBuildConfiguration section */

/* Begin XCConfigurationList section */
		E29A633D1CCDC44300A78A0E /* Build configuration list for PBXProject "MyApp" */ = {
			isa = XCConfigurationList;
			buildConfigurations = (
				E29A63571CCDC44300A78A0E /* Debug */,
				E29A63581CCDC44300A78A0E /* Release */,
			);
			defaultConfigurationIsVisible = 0;
			defaultConfigurationName = Release;
		};
		E29A63591CCDC44300A78A0E /* Build configuration list for PBXNativeTarget "MyApp" */ = {
			isa = XCConfigurationList;
			buildConfigurations = (
				E29A635A1CCDC44300A78A0E /* Debug */,
				E29A635B1CCDC44300A78A0E /* Release */,
			);
			defaultConfigurationIsVisible = 0;
			defaultConfigurationName = Release;
		};
/* End XCConfigurationList section */
	};
	rootObject = E29A633A1CCDC44300A78A0E /* Project object */;
}
